// !$*UTF8*$!
{
	archiveVersion = 1;
	classes = {
	};
	objectVersion = 56;
	objects = {

/* Begin PBXBuildFile section */
		8D370A9E2B93441A006D350A /* CurrencyAppApp.swift in Sources */ = {isa = PBXBuildFile; fileRef = 8D370A9D2B93441A006D350A /* CurrencyAppApp.swift */; };
		8D370AA02B93441B006D350A /* ContentView.swift in Sources */ = {isa = PBXBuildFile; fileRef = 8D370A9F2B93441B006D350A /* ContentView.swift */; };
		8D370AA22B93441B006D350A /* Item.swift in Sources */ = {isa = PBXBuildFile; fileRef = 8D370AA12B93441B006D350A /* Item.swift */; };
		8D370AA42B93441B006D350A /* Assets.xcassets in Resources */ = {isa = PBXBuildFile; fileRef = 8D370AA32B93441B006D350A /* Assets.xcassets */; };
		8D370AA72B93441B006D350A /* Preview Assets.xcassets in Resources */ = {isa = PBXBuildFile; fileRef = 8D370AA62B93441B006D350A /* Preview Assets.xcassets */; };
		8D370ABB2B93441B006D350A /* CurrencyAppUITests.swift in Sources */ = {isa = PBXBuildFile; fileRef = 8D370ABA2B93441B006D350A /* CurrencyAppUITests.swift */; };
		8D370ABD2B93441B006D350A /* CurrencyAppUITestsLaunchTests.swift in Sources */ = {isa = PBXBuildFile; fileRef = 8D370ABC2B93441B006D350A /* CurrencyAppUITestsLaunchTests.swift */; };
		8D370ADD2B939175006D350A /* Colors.xcassets in Resources */ = {isa = PBXBuildFile; fileRef = 8D370ADC2B939175006D350A /* Colors.xcassets */; };
		8D370ADF2B9394EC006D350A /* CornerVariant.swift in Sources */ = {isa = PBXBuildFile; fileRef = 8D370ADE2B9394EC006D350A /* CornerVariant.swift */; };
		8D370AE12B93956F006D350A /* FontVariant.swift in Sources */ = {isa = PBXBuildFile; fileRef = 8D370AE02B93956F006D350A /* FontVariant.swift */; };
		8D370AE32B93963A006D350A /* PaddingValue.swift in Sources */ = {isa = PBXBuildFile; fileRef = 8D370AE22B93963A006D350A /* PaddingValue.swift */; };
		8D370AE72B9396F8006D350A /* View+padding.swift in Sources */ = {isa = PBXBuildFile; fileRef = 8D370AE62B9396F8006D350A /* View+padding.swift */; };
		8D370AE92B939734006D350A /* View+fill.swift in Sources */ = {isa = PBXBuildFile; fileRef = 8D370AE82B939734006D350A /* View+fill.swift */; };
		8D370AEC2B9397B3006D350A /* VStack+spacing.swift in Sources */ = {isa = PBXBuildFile; fileRef = 8D370AEB2B9397B3006D350A /* VStack+spacing.swift */; };
		8D370AEF2B93982A006D350A /* Text+build.swift in Sources */ = {isa = PBXBuildFile; fileRef = 8D370AEE2B93982A006D350A /* Text+build.swift */; };
		8D370AF22B939952006D350A /* FontTests.swift in Sources */ = {isa = PBXBuildFile; fileRef = 8D370AF12B939952006D350A /* FontTests.swift */; };
		8D370AF42B939B8C006D350A /* PaddingTests.swift in Sources */ = {isa = PBXBuildFile; fileRef = 8D370AF32B939B8C006D350A /* PaddingTests.swift */; };
		8D370AF62B939C47006D350A /* CornerTests.swift in Sources */ = {isa = PBXBuildFile; fileRef = 8D370AF52B939C47006D350A /* CornerTests.swift */; };
		8D370AFA2B939D6A006D350A /* Typography.swift in Sources */ = {isa = PBXBuildFile; fileRef = 8D370AF92B939D6A006D350A /* Typography.swift */; };
		8D370AFD2B939F98006D350A /* AnimatedButton.swift in Sources */ = {isa = PBXBuildFile; fileRef = 8D370AFC2B939F98006D350A /* AnimatedButton.swift */; };
		8D370B012B93A02B006D350A /* AnimatedButtonViewModelProtocol.swift in Sources */ = {isa = PBXBuildFile; fileRef = 8D370B002B93A02B006D350A /* AnimatedButtonViewModelProtocol.swift */; };
		8D370B032B93A102006D350A /* AnimatedButtonViewModel.swift in Sources */ = {isa = PBXBuildFile; fileRef = 8D370B022B93A102006D350A /* AnimatedButtonViewModel.swift */; };
		8D370B062B93A734006D350A /* ErrorView.swift in Sources */ = {isa = PBXBuildFile; fileRef = 8D370B052B93A734006D350A /* ErrorView.swift */; };
		8D370B092B93AB2D006D350A /* FlatList.swift in Sources */ = {isa = PBXBuildFile; fileRef = 8D370B082B93AB2D006D350A /* FlatList.swift */; };
		8D370B0C2B93AB6A006D350A /* EmptyView.swift in Sources */ = {isa = PBXBuildFile; fileRef = 8D370B0B2B93AB6A006D350A /* EmptyView.swift */; };
		8D370B0F2B93B3F4006D350A /* FlatListMocks.swift in Sources */ = {isa = PBXBuildFile; fileRef = 8D370B0E2B93B3F4006D350A /* FlatListMocks.swift */; };
		8DB6736B2B94854A0070ED15 /* ApiServicesConfigProtocol.swift in Sources */ = {isa = PBXBuildFile; fileRef = 8DB6736A2B94854A0070ED15 /* ApiServicesConfigProtocol.swift */; };
		8DB6736F2B9486900070ED15 /* RouteManager.swift in Sources */ = {isa = PBXBuildFile; fileRef = 8DB6736E2B9486900070ED15 /* RouteManager.swift */; };
		8DB673722B948B440070ED15 /* Resolver in Frameworks */ = {isa = PBXBuildFile; productRef = 8DB673712B948B440070ED15 /* Resolver */; };
		8DB673752B948BBF0070ED15 /* Resolver+registerAllServices.swift in Sources */ = {isa = PBXBuildFile; fileRef = 8DB673742B948BBF0070ED15 /* Resolver+registerAllServices.swift */; };
		8DB673772B948C510070ED15 /* RouteManagerProtocol.swift in Sources */ = {isa = PBXBuildFile; fileRef = 8DB673762B948C510070ED15 /* RouteManagerProtocol.swift */; };
		8DB6737A2B949BF70070ED15 /* Endpoint.swift in Sources */ = {isa = PBXBuildFile; fileRef = 8DB673792B949BF70070ED15 /* Endpoint.swift */; };
		8DB6737E2B949E470070ED15 /* MockRouteManager.swift in Sources */ = {isa = PBXBuildFile; fileRef = 8DB6737D2B949E470070ED15 /* MockRouteManager.swift */; };
		8DB673802B949F360070ED15 /* RouteManagerTests.swift in Sources */ = {isa = PBXBuildFile; fileRef = 8DB6737F2B949F360070ED15 /* RouteManagerTests.swift */; };
		8DB673832B94AA230070ED15 /* NetworkService.swift in Sources */ = {isa = PBXBuildFile; fileRef = 8DB673822B94AA230070ED15 /* NetworkService.swift */; };
		8DB673852B94AF730070ED15 /* NetworkError.swift in Sources */ = {isa = PBXBuildFile; fileRef = 8DB673842B94AF730070ED15 /* NetworkError.swift */; };
		8DB673872B94B5180070ED15 /* CurrenciesResponse.swift in Sources */ = {isa = PBXBuildFile; fileRef = 8DB673862B94B5180070ED15 /* CurrenciesResponse.swift */; };
		8DB6738A2B94B5960070ED15 /* NetworkServiceProtocol.swift in Sources */ = {isa = PBXBuildFile; fileRef = 8DB673892B94B5960070ED15 /* NetworkServiceProtocol.swift */; };
		8DB6738D2B94B66F0070ED15 /* CurrenciesServiceProtocol.swift in Sources */ = {isa = PBXBuildFile; fileRef = 8DB6738C2B94B66F0070ED15 /* CurrenciesServiceProtocol.swift */; };
		8DB6738F2B94B7760070ED15 /* Currency.swift in Sources */ = {isa = PBXBuildFile; fileRef = 8DB6738E2B94B7760070ED15 /* Currency.swift */; };
		8DB673912B94B84B0070ED15 /* CurrenciesService.swift in Sources */ = {isa = PBXBuildFile; fileRef = 8DB673902B94B84B0070ED15 /* CurrenciesService.swift */; };
		8DB673942B94BA590070ED15 /* DecoderProtocol.swift in Sources */ = {isa = PBXBuildFile; fileRef = 8DB673932B94BA590070ED15 /* DecoderProtocol.swift */; };
		8DB673962B94BA790070ED15 /* Decoder.swift in Sources */ = {isa = PBXBuildFile; fileRef = 8DB673952B94BA790070ED15 /* Decoder.swift */; };
		8DB673982B94BAD70070ED15 /* CurrenciesDataProcessProtocol.swift in Sources */ = {isa = PBXBuildFile; fileRef = 8DB673972B94BAD70070ED15 /* CurrenciesDataProcessProtocol.swift */; };
		8DB6739A2B94BB390070ED15 /* CurrenciesDataProcess.swift in Sources */ = {isa = PBXBuildFile; fileRef = 8DB673992B94BB390070ED15 /* CurrenciesDataProcess.swift */; };
		8DB673A22B94C3DE0070ED15 /* ExchangeResponse.swift in Sources */ = {isa = PBXBuildFile; fileRef = 8DB673A12B94C3DE0070ED15 /* ExchangeResponse.swift */; };
		8DB673A42B94C4160070ED15 /* ExchangeServiceProtocol.swift in Sources */ = {isa = PBXBuildFile; fileRef = 8DB673A32B94C4160070ED15 /* ExchangeServiceProtocol.swift */; };
		8DB673A62B94C4D30070ED15 /* ExchangeDataProcessProtocol.swift in Sources */ = {isa = PBXBuildFile; fileRef = 8DB673A52B94C4D30070ED15 /* ExchangeDataProcessProtocol.swift */; };
		8DB673A82B94C5240070ED15 /* ExchangeDataProcess.swift in Sources */ = {isa = PBXBuildFile; fileRef = 8DB673A72B94C5240070ED15 /* ExchangeDataProcess.swift */; };
		8DB673AA2B94C5B30070ED15 /* ExchangeService.swift in Sources */ = {isa = PBXBuildFile; fileRef = 8DB673A92B94C5B30070ED15 /* ExchangeService.swift */; };
		8DCD9A4B2B93BDDA002810ED /* Localizable.xcstrings in Resources */ = {isa = PBXBuildFile; fileRef = 8DCD9A4A2B93BDDA002810ED /* Localizable.xcstrings */; };
		8DCD9A502B93D293002810ED /* Navigator.swift in Sources */ = {isa = PBXBuildFile; fileRef = 8DCD9A4F2B93D293002810ED /* Navigator.swift */; };
		8DCD9A522B93D2E6002810ED /* NavigationRoute.swift in Sources */ = {isa = PBXBuildFile; fileRef = 8DCD9A512B93D2E6002810ED /* NavigationRoute.swift */; };
		8DCD9A542B93D3F9002810ED /* NavigatorViewModelProtocol.swift in Sources */ = {isa = PBXBuildFile; fileRef = 8DCD9A532B93D3F9002810ED /* NavigatorViewModelProtocol.swift */; };
		8DCD9A572B93D598002810ED /* NavigatorViewModel.swift in Sources */ = {isa = PBXBuildFile; fileRef = 8DCD9A562B93D598002810ED /* NavigatorViewModel.swift */; };
		8DCD9A592B93D805002810ED /* ExchangeScreen.swift in Sources */ = {isa = PBXBuildFile; fileRef = 8DCD9A582B93D805002810ED /* ExchangeScreen.swift */; };
		8DCD9A5B2B93D834002810ED /* HistoryScreen.swift in Sources */ = {isa = PBXBuildFile; fileRef = 8DCD9A5A2B93D834002810ED /* HistoryScreen.swift */; };
		8DCD9A5E2B93DADE002810ED /* NavigatorViewModelTests.swift in Sources */ = {isa = PBXBuildFile; fileRef = 8DCD9A5D2B93DADE002810ED /* NavigatorViewModelTests.swift */; };
		8DCD9A612B93EBE7002810ED /* ApiConfiguration.swift in Sources */ = {isa = PBXBuildFile; fileRef = 8DCD9A602B93EBE7002810ED /* ApiConfiguration.swift */; };
/* End PBXBuildFile section */

/* Begin PBXContainerItemProxy section */
		8D370AAD2B93441B006D350A /* PBXContainerItemProxy */ = {
			isa = PBXContainerItemProxy;
			containerPortal = 8D370A922B93441A006D350A /* Project object */;
			proxyType = 1;
			remoteGlobalIDString = 8D370A992B93441A006D350A;
			remoteInfo = CurrencyApp;
		};
		8D370AB72B93441B006D350A /* PBXContainerItemProxy */ = {
			isa = PBXContainerItemProxy;
			containerPortal = 8D370A922B93441A006D350A /* Project object */;
			proxyType = 1;
			remoteGlobalIDString = 8D370A992B93441A006D350A;
			remoteInfo = CurrencyApp;
		};
/* End PBXContainerItemProxy section */

/* Begin PBXFileReference section */
		8D370A9A2B93441A006D350A /* CurrencyApp.app */ = {isa = PBXFileReference; explicitFileType = wrapper.application; includeInIndex = 0; path = CurrencyApp.app; sourceTree = BUILT_PRODUCTS_DIR; };
		8D370A9D2B93441A006D350A /* CurrencyAppApp.swift */ = {isa = PBXFileReference; lastKnownFileType = sourcecode.swift; path = CurrencyAppApp.swift; sourceTree = "<group>"; };
		8D370A9F2B93441B006D350A /* ContentView.swift */ = {isa = PBXFileReference; lastKnownFileType = sourcecode.swift; path = ContentView.swift; sourceTree = "<group>"; };
		8D370AA12B93441B006D350A /* Item.swift */ = {isa = PBXFileReference; lastKnownFileType = sourcecode.swift; path = Item.swift; sourceTree = "<group>"; };
		8D370AA32B93441B006D350A /* Assets.xcassets */ = {isa = PBXFileReference; lastKnownFileType = folder.assetcatalog; path = Assets.xcassets; sourceTree = "<group>"; };
		8D370AA62B93441B006D350A /* Preview Assets.xcassets */ = {isa = PBXFileReference; lastKnownFileType = folder.assetcatalog; path = "Preview Assets.xcassets"; sourceTree = "<group>"; };
		8D370AAC2B93441B006D350A /* CurrencyAppTests.xctest */ = {isa = PBXFileReference; explicitFileType = wrapper.cfbundle; includeInIndex = 0; path = CurrencyAppTests.xctest; sourceTree = BUILT_PRODUCTS_DIR; };
		8D370AB62B93441B006D350A /* CurrencyAppUITests.xctest */ = {isa = PBXFileReference; explicitFileType = wrapper.cfbundle; includeInIndex = 0; path = CurrencyAppUITests.xctest; sourceTree = BUILT_PRODUCTS_DIR; };
		8D370ABA2B93441B006D350A /* CurrencyAppUITests.swift */ = {isa = PBXFileReference; lastKnownFileType = sourcecode.swift; path = CurrencyAppUITests.swift; sourceTree = "<group>"; };
		8D370ABC2B93441B006D350A /* CurrencyAppUITestsLaunchTests.swift */ = {isa = PBXFileReference; lastKnownFileType = sourcecode.swift; path = CurrencyAppUITestsLaunchTests.swift; sourceTree = "<group>"; };
		8D370AC92B934618006D350A /* README.md */ = {isa = PBXFileReference; lastKnownFileType = net.daringfireball.markdown; path = README.md; sourceTree = "<group>"; };
		8D370ACA2B934E16006D350A /* pull_request_template.md */ = {isa = PBXFileReference; lastKnownFileType = net.daringfireball.markdown; path = pull_request_template.md; sourceTree = "<group>"; };
		8D370ACF2B935339006D350A /* .swiftlint.yml */ = {isa = PBXFileReference; lastKnownFileType = text.yaml; path = .swiftlint.yml; sourceTree = "<group>"; };
		8D370ADC2B939175006D350A /* Colors.xcassets */ = {isa = PBXFileReference; lastKnownFileType = folder.assetcatalog; path = Colors.xcassets; sourceTree = "<group>"; };
		8D370ADE2B9394EC006D350A /* CornerVariant.swift */ = {isa = PBXFileReference; lastKnownFileType = sourcecode.swift; path = CornerVariant.swift; sourceTree = "<group>"; };
		8D370AE02B93956F006D350A /* FontVariant.swift */ = {isa = PBXFileReference; lastKnownFileType = sourcecode.swift; path = FontVariant.swift; sourceTree = "<group>"; };
		8D370AE22B93963A006D350A /* PaddingValue.swift */ = {isa = PBXFileReference; lastKnownFileType = sourcecode.swift; path = PaddingValue.swift; sourceTree = "<group>"; };
		8D370AE62B9396F8006D350A /* View+padding.swift */ = {isa = PBXFileReference; lastKnownFileType = sourcecode.swift; path = "View+padding.swift"; sourceTree = "<group>"; };
		8D370AE82B939734006D350A /* View+fill.swift */ = {isa = PBXFileReference; lastKnownFileType = sourcecode.swift; path = "View+fill.swift"; sourceTree = "<group>"; };
		8D370AEB2B9397B3006D350A /* VStack+spacing.swift */ = {isa = PBXFileReference; lastKnownFileType = sourcecode.swift; path = "VStack+spacing.swift"; sourceTree = "<group>"; };
		8D370AEE2B93982A006D350A /* Text+build.swift */ = {isa = PBXFileReference; lastKnownFileType = sourcecode.swift; path = "Text+build.swift"; sourceTree = "<group>"; };
		8D370AF12B939952006D350A /* FontTests.swift */ = {isa = PBXFileReference; lastKnownFileType = sourcecode.swift; path = FontTests.swift; sourceTree = "<group>"; };
		8D370AF32B939B8C006D350A /* PaddingTests.swift */ = {isa = PBXFileReference; lastKnownFileType = sourcecode.swift; path = PaddingTests.swift; sourceTree = "<group>"; };
		8D370AF52B939C47006D350A /* CornerTests.swift */ = {isa = PBXFileReference; lastKnownFileType = sourcecode.swift; path = CornerTests.swift; sourceTree = "<group>"; };
		8D370AF92B939D6A006D350A /* Typography.swift */ = {isa = PBXFileReference; lastKnownFileType = sourcecode.swift; path = Typography.swift; sourceTree = "<group>"; };
		8D370AFC2B939F98006D350A /* AnimatedButton.swift */ = {isa = PBXFileReference; lastKnownFileType = sourcecode.swift; path = AnimatedButton.swift; sourceTree = "<group>"; };
		8D370B002B93A02B006D350A /* AnimatedButtonViewModelProtocol.swift */ = {isa = PBXFileReference; lastKnownFileType = sourcecode.swift; path = AnimatedButtonViewModelProtocol.swift; sourceTree = "<group>"; };
		8D370B022B93A102006D350A /* AnimatedButtonViewModel.swift */ = {isa = PBXFileReference; lastKnownFileType = sourcecode.swift; path = AnimatedButtonViewModel.swift; sourceTree = "<group>"; };
		8D370B052B93A734006D350A /* ErrorView.swift */ = {isa = PBXFileReference; lastKnownFileType = sourcecode.swift; path = ErrorView.swift; sourceTree = "<group>"; };
		8D370B082B93AB2D006D350A /* FlatList.swift */ = {isa = PBXFileReference; lastKnownFileType = sourcecode.swift; path = FlatList.swift; sourceTree = "<group>"; };
		8D370B0B2B93AB6A006D350A /* EmptyView.swift */ = {isa = PBXFileReference; lastKnownFileType = sourcecode.swift; path = EmptyView.swift; sourceTree = "<group>"; };
		8D370B0E2B93B3F4006D350A /* FlatListMocks.swift */ = {isa = PBXFileReference; lastKnownFileType = sourcecode.swift; path = FlatListMocks.swift; sourceTree = "<group>"; };
		8DB6736A2B94854A0070ED15 /* ApiServicesConfigProtocol.swift */ = {isa = PBXFileReference; lastKnownFileType = sourcecode.swift; path = ApiServicesConfigProtocol.swift; sourceTree = "<group>"; };
		8DB6736E2B9486900070ED15 /* RouteManager.swift */ = {isa = PBXFileReference; lastKnownFileType = sourcecode.swift; path = RouteManager.swift; sourceTree = "<group>"; };
		8DB673742B948BBF0070ED15 /* Resolver+registerAllServices.swift */ = {isa = PBXFileReference; lastKnownFileType = sourcecode.swift; path = "Resolver+registerAllServices.swift"; sourceTree = "<group>"; };
		8DB673762B948C510070ED15 /* RouteManagerProtocol.swift */ = {isa = PBXFileReference; lastKnownFileType = sourcecode.swift; path = RouteManagerProtocol.swift; sourceTree = "<group>"; };
		8DB673792B949BF70070ED15 /* Endpoint.swift */ = {isa = PBXFileReference; lastKnownFileType = sourcecode.swift; path = Endpoint.swift; sourceTree = "<group>"; };
		8DB6737D2B949E470070ED15 /* MockRouteManager.swift */ = {isa = PBXFileReference; lastKnownFileType = sourcecode.swift; path = MockRouteManager.swift; sourceTree = "<group>"; };
		8DB6737F2B949F360070ED15 /* RouteManagerTests.swift */ = {isa = PBXFileReference; lastKnownFileType = sourcecode.swift; path = RouteManagerTests.swift; sourceTree = "<group>"; };
		8DB673822B94AA230070ED15 /* NetworkService.swift */ = {isa = PBXFileReference; lastKnownFileType = sourcecode.swift; path = NetworkService.swift; sourceTree = "<group>"; };
		8DB673842B94AF730070ED15 /* NetworkError.swift */ = {isa = PBXFileReference; lastKnownFileType = sourcecode.swift; path = NetworkError.swift; sourceTree = "<group>"; };
		8DB673862B94B5180070ED15 /* CurrenciesResponse.swift */ = {isa = PBXFileReference; lastKnownFileType = sourcecode.swift; path = CurrenciesResponse.swift; sourceTree = "<group>"; };
		8DB673892B94B5960070ED15 /* NetworkServiceProtocol.swift */ = {isa = PBXFileReference; lastKnownFileType = sourcecode.swift; path = NetworkServiceProtocol.swift; sourceTree = "<group>"; };
		8DB6738C2B94B66F0070ED15 /* CurrenciesServiceProtocol.swift */ = {isa = PBXFileReference; lastKnownFileType = sourcecode.swift; path = CurrenciesServiceProtocol.swift; sourceTree = "<group>"; };
		8DB6738E2B94B7760070ED15 /* Currency.swift */ = {isa = PBXFileReference; lastKnownFileType = sourcecode.swift; path = Currency.swift; sourceTree = "<group>"; };
		8DB673902B94B84B0070ED15 /* CurrenciesService.swift */ = {isa = PBXFileReference; lastKnownFileType = sourcecode.swift; path = CurrenciesService.swift; sourceTree = "<group>"; };
		8DB673932B94BA590070ED15 /* DecoderProtocol.swift */ = {isa = PBXFileReference; lastKnownFileType = sourcecode.swift; path = DecoderProtocol.swift; sourceTree = "<group>"; };
		8DB673952B94BA790070ED15 /* Decoder.swift */ = {isa = PBXFileReference; lastKnownFileType = sourcecode.swift; path = Decoder.swift; sourceTree = "<group>"; };
		8DB673972B94BAD70070ED15 /* CurrenciesDataProcessProtocol.swift */ = {isa = PBXFileReference; lastKnownFileType = sourcecode.swift; path = CurrenciesDataProcessProtocol.swift; sourceTree = "<group>"; };
		8DB673992B94BB390070ED15 /* CurrenciesDataProcess.swift */ = {isa = PBXFileReference; lastKnownFileType = sourcecode.swift; path = CurrenciesDataProcess.swift; sourceTree = "<group>"; };
		8DB673A12B94C3DE0070ED15 /* ExchangeResponse.swift */ = {isa = PBXFileReference; lastKnownFileType = sourcecode.swift; path = ExchangeResponse.swift; sourceTree = "<group>"; };
		8DB673A32B94C4160070ED15 /* ExchangeServiceProtocol.swift */ = {isa = PBXFileReference; lastKnownFileType = sourcecode.swift; path = ExchangeServiceProtocol.swift; sourceTree = "<group>"; };
		8DB673A52B94C4D30070ED15 /* ExchangeDataProcessProtocol.swift */ = {isa = PBXFileReference; lastKnownFileType = sourcecode.swift; path = ExchangeDataProcessProtocol.swift; sourceTree = "<group>"; };
		8DB673A72B94C5240070ED15 /* ExchangeDataProcess.swift */ = {isa = PBXFileReference; lastKnownFileType = sourcecode.swift; path = ExchangeDataProcess.swift; sourceTree = "<group>"; };
		8DB673A92B94C5B30070ED15 /* ExchangeService.swift */ = {isa = PBXFileReference; lastKnownFileType = sourcecode.swift; path = ExchangeService.swift; sourceTree = "<group>"; };
		8DCD9A4A2B93BDDA002810ED /* Localizable.xcstrings */ = {isa = PBXFileReference; lastKnownFileType = text.json.xcstrings; path = Localizable.xcstrings; sourceTree = "<group>"; };
		8DCD9A4F2B93D293002810ED /* Navigator.swift */ = {isa = PBXFileReference; lastKnownFileType = sourcecode.swift; path = Navigator.swift; sourceTree = "<group>"; };
		8DCD9A512B93D2E6002810ED /* NavigationRoute.swift */ = {isa = PBXFileReference; lastKnownFileType = sourcecode.swift; path = NavigationRoute.swift; sourceTree = "<group>"; };
		8DCD9A532B93D3F9002810ED /* NavigatorViewModelProtocol.swift */ = {isa = PBXFileReference; lastKnownFileType = sourcecode.swift; path = NavigatorViewModelProtocol.swift; sourceTree = "<group>"; };
		8DCD9A562B93D598002810ED /* NavigatorViewModel.swift */ = {isa = PBXFileReference; lastKnownFileType = sourcecode.swift; path = NavigatorViewModel.swift; sourceTree = "<group>"; };
		8DCD9A582B93D805002810ED /* ExchangeScreen.swift */ = {isa = PBXFileReference; lastKnownFileType = sourcecode.swift; path = ExchangeScreen.swift; sourceTree = "<group>"; };
		8DCD9A5A2B93D834002810ED /* HistoryScreen.swift */ = {isa = PBXFileReference; lastKnownFileType = sourcecode.swift; path = HistoryScreen.swift; sourceTree = "<group>"; };
		8DCD9A5D2B93DADE002810ED /* NavigatorViewModelTests.swift */ = {isa = PBXFileReference; lastKnownFileType = sourcecode.swift; path = NavigatorViewModelTests.swift; sourceTree = "<group>"; };
		8DCD9A5F2B93E79A002810ED /* Info.plist */ = {isa = PBXFileReference; lastKnownFileType = text.plist.xml; path = Info.plist; sourceTree = "<group>"; };
		8DCD9A602B93EBE7002810ED /* ApiConfiguration.swift */ = {isa = PBXFileReference; lastKnownFileType = sourcecode.swift; path = ApiConfiguration.swift; sourceTree = "<group>"; };
/* End PBXFileReference section */

/* Begin PBXFrameworksBuildPhase section */
		8D370A972B93441A006D350A /* Frameworks */ = {
			isa = PBXFrameworksBuildPhase;
			buildActionMask = 2147483647;
			files = (
				8DB673722B948B440070ED15 /* Resolver in Frameworks */,
			);
			runOnlyForDeploymentPostprocessing = 0;
		};
		8D370AA92B93441B006D350A /* Frameworks */ = {
			isa = PBXFrameworksBuildPhase;
			buildActionMask = 2147483647;
			files = (
			);
			runOnlyForDeploymentPostprocessing = 0;
		};
		8D370AB32B93441B006D350A /* Frameworks */ = {
			isa = PBXFrameworksBuildPhase;
			buildActionMask = 2147483647;
			files = (
			);
			runOnlyForDeploymentPostprocessing = 0;
		};
/* End PBXFrameworksBuildPhase section */

/* Begin PBXGroup section */
		8D370A912B93441A006D350A = {
			isa = PBXGroup;
			children = (
				8D370ACA2B934E16006D350A /* pull_request_template.md */,
				8D370AC92B934618006D350A /* README.md */,
				8D370A9C2B93441A006D350A /* CurrencyApp */,
				8D370AAF2B93441B006D350A /* CurrencyAppTests */,
				8D370AB92B93441B006D350A /* CurrencyAppUITests */,
				8D370A9B2B93441A006D350A /* Products */,
				8DB673702B948B440070ED15 /* Frameworks */,
			);
			sourceTree = "<group>";
		};
		8D370A9B2B93441A006D350A /* Products */ = {
			isa = PBXGroup;
			children = (
				8D370A9A2B93441A006D350A /* CurrencyApp.app */,
				8D370AAC2B93441B006D350A /* CurrencyAppTests.xctest */,
				8D370AB62B93441B006D350A /* CurrencyAppUITests.xctest */,
			);
			name = Products;
			sourceTree = "<group>";
		};
		8D370A9C2B93441A006D350A /* CurrencyApp */ = {
			isa = PBXGroup;
			children = (
				8D370AD82B935FA5006D350A /* Services */,
				8D370AD72B935E08006D350A /* Screens */,
				8D370AD12B935954006D350A /* Application */,
				8D370AD42B935A10006D350A /* Navigation */,
				8D370AD32B935982006D350A /* Resources */,
				8D370AD22B93597B006D350A /* Shared */,
			);
			path = CurrencyApp;
			sourceTree = "<group>";
		};
		8D370AA52B93441B006D350A /* Preview Content */ = {
			isa = PBXGroup;
			children = (
				8D370AA62B93441B006D350A /* Preview Assets.xcassets */,
			);
			path = "Preview Content";
			sourceTree = "<group>";
		};
		8D370AAF2B93441B006D350A /* CurrencyAppTests */ = {
			isa = PBXGroup;
			children = (
				8DB6737B2B949E180070ED15 /* Services */,
				8DCD9A5C2B93DA9E002810ED /* Navigation */,
				8D370AF02B939926006D350A /* Theme */,
			);
			path = CurrencyAppTests;
			sourceTree = "<group>";
		};
		8D370AB92B93441B006D350A /* CurrencyAppUITests */ = {
			isa = PBXGroup;
			children = (
				8D370ABA2B93441B006D350A /* CurrencyAppUITests.swift */,
				8D370ABC2B93441B006D350A /* CurrencyAppUITestsLaunchTests.swift */,
			);
			path = CurrencyAppUITests;
			sourceTree = "<group>";
		};
		8D370AD12B935954006D350A /* Application */ = {
			isa = PBXGroup;
			children = (
				8DCD9A5F2B93E79A002810ED /* Info.plist */,
				8D370ACF2B935339006D350A /* .swiftlint.yml */,
				8D370A9D2B93441A006D350A /* CurrencyAppApp.swift */,
				8D370A9F2B93441B006D350A /* ContentView.swift */,
			);
			path = Application;
			sourceTree = "<group>";
		};
		8D370AD22B93597B006D350A /* Shared */ = {
			isa = PBXGroup;
			children = (
				8D370AF72B939D24006D350A /* Views */,
				8D370AE42B9396C3006D350A /* Extensions */,
				8D370ADB2B9390C7006D350A /* Theme */,
				8D370AD62B935C8C006D350A /* Models */,
			);
			path = Shared;
			sourceTree = "<group>";
		};
		8D370AD32B935982006D350A /* Resources */ = {
			isa = PBXGroup;
			children = (
				8D370AA52B93441B006D350A /* Preview Content */,
				8D370AA32B93441B006D350A /* Assets.xcassets */,
				8D370ADC2B939175006D350A /* Colors.xcassets */,
				8DCD9A4A2B93BDDA002810ED /* Localizable.xcstrings */,
			);
			path = Resources;
			sourceTree = "<group>";
		};
		8D370AD42B935A10006D350A /* Navigation */ = {
			isa = PBXGroup;
			children = (
				8DCD9A4F2B93D293002810ED /* Navigator.swift */,
				8DCD9A4C2B93D263002810ED /* Models */,
				8DCD9A4D2B93D269002810ED /* ViewModels */,
				8DCD9A4E2B93D274002810ED /* Views */,
			);
			path = Navigation;
			sourceTree = "<group>";
		};
		8D370AD62B935C8C006D350A /* Models */ = {
			isa = PBXGroup;
			children = (
				8D370AA12B93441B006D350A /* Item.swift */,
				8DB6738E2B94B7760070ED15 /* Currency.swift */,
			);
			path = Models;
			sourceTree = "<group>";
		};
		8D370AD72B935E08006D350A /* Screens */ = {
			isa = PBXGroup;
			children = (
			);
			path = Screens;
			sourceTree = "<group>";
		};
		8D370AD82B935FA5006D350A /* Services */ = {
			isa = PBXGroup;
			children = (
				8DB673922B94BA480070ED15 /* Decoder */,
				8DB6739F2B94C1C10070ED15 /* ExchangeService */,
				8DB6738B2B94B65C0070ED15 /* CurrenciesService */,
				8DB673812B94A7900070ED15 /* Models */,
				8DB6736C2B9486700070ED15 /* RouteManager */,
				8DB673822B94AA230070ED15 /* NetworkService.swift */,
				8DB673892B94B5960070ED15 /* NetworkServiceProtocol.swift */,
			);
			path = Services;
			sourceTree = "<group>";
		};
		8D370ADB2B9390C7006D350A /* Theme */ = {
			isa = PBXGroup;
			children = (
				8D370ADE2B9394EC006D350A /* CornerVariant.swift */,
				8D370AE02B93956F006D350A /* FontVariant.swift */,
				8D370AE22B93963A006D350A /* PaddingValue.swift */,
			);
			path = Theme;
			sourceTree = "<group>";
		};
		8D370AE42B9396C3006D350A /* Extensions */ = {
			isa = PBXGroup;
			children = (
				8DB673732B948B680070ED15 /* Resolver */,
				8D370AED2B93981F006D350A /* Text */,
				8D370AEA2B9397A6006D350A /* VStack */,
				8D370AE52B9396E6006D350A /* View */,
			);
			path = Extensions;
			sourceTree = "<group>";
		};
		8D370AE52B9396E6006D350A /* View */ = {
			isa = PBXGroup;
			children = (
				8D370AE62B9396F8006D350A /* View+padding.swift */,
				8D370AE82B939734006D350A /* View+fill.swift */,
			);
			path = View;
			sourceTree = "<group>";
		};
		8D370AEA2B9397A6006D350A /* VStack */ = {
			isa = PBXGroup;
			children = (
				8D370AEB2B9397B3006D350A /* VStack+spacing.swift */,
			);
			path = VStack;
			sourceTree = "<group>";
		};
		8D370AED2B93981F006D350A /* Text */ = {
			isa = PBXGroup;
			children = (
				8D370AEE2B93982A006D350A /* Text+build.swift */,
			);
			path = Text;
			sourceTree = "<group>";
		};
		8D370AF02B939926006D350A /* Theme */ = {
			isa = PBXGroup;
			children = (
				8D370AF12B939952006D350A /* FontTests.swift */,
				8D370AF32B939B8C006D350A /* PaddingTests.swift */,
				8D370AF52B939C47006D350A /* CornerTests.swift */,
			);
			path = Theme;
			sourceTree = "<group>";
		};
		8D370AF72B939D24006D350A /* Views */ = {
			isa = PBXGroup;
			children = (
				8D370B0A2B93AB61006D350A /* EmptyView */,
				8D370B072B93AAF9006D350A /* FlatList */,
				8D370B042B93A72B006D350A /* ErrorView */,
				8D370AFB2B939F82006D350A /* AnimatedButton */,
				8D370AF82B939D60006D350A /* Typography */,
			);
			path = Views;
			sourceTree = "<group>";
		};
		8D370AF82B939D60006D350A /* Typography */ = {
			isa = PBXGroup;
			children = (
				8D370AF92B939D6A006D350A /* Typography.swift */,
			);
			path = Typography;
			sourceTree = "<group>";
		};
		8D370AFB2B939F82006D350A /* AnimatedButton */ = {
			isa = PBXGroup;
			children = (
				8D370AFF2B939FDB006D350A /* ViewModel */,
				8D370AFE2B939FC4006D350A /* View */,
			);
			path = AnimatedButton;
			sourceTree = "<group>";
		};
		8D370AFE2B939FC4006D350A /* View */ = {
			isa = PBXGroup;
			children = (
				8D370AFC2B939F98006D350A /* AnimatedButton.swift */,
			);
			path = View;
			sourceTree = "<group>";
		};
		8D370AFF2B939FDB006D350A /* ViewModel */ = {
			isa = PBXGroup;
			children = (
				8D370B002B93A02B006D350A /* AnimatedButtonViewModelProtocol.swift */,
				8D370B022B93A102006D350A /* AnimatedButtonViewModel.swift */,
			);
			path = ViewModel;
			sourceTree = "<group>";
		};
		8D370B042B93A72B006D350A /* ErrorView */ = {
			isa = PBXGroup;
			children = (
				8D370B052B93A734006D350A /* ErrorView.swift */,
			);
			path = ErrorView;
			sourceTree = "<group>";
		};
		8D370B072B93AAF9006D350A /* FlatList */ = {
			isa = PBXGroup;
			children = (
				8D370B082B93AB2D006D350A /* FlatList.swift */,
				8D370B0E2B93B3F4006D350A /* FlatListMocks.swift */,
			);
			path = FlatList;
			sourceTree = "<group>";
		};
		8D370B0A2B93AB61006D350A /* EmptyView */ = {
			isa = PBXGroup;
			children = (
				8D370B0B2B93AB6A006D350A /* EmptyView.swift */,
			);
			path = EmptyView;
			sourceTree = "<group>";
		};
		8DB6736C2B9486700070ED15 /* RouteManager */ = {
			isa = PBXGroup;
			children = (
				8DB6737C2B949E340070ED15 /* Mocks */,
				8DCD9A602B93EBE7002810ED /* ApiConfiguration.swift */,
				8DB6736E2B9486900070ED15 /* RouteManager.swift */,
				8DB673782B948CAC0070ED15 /* Enums */,
				8DB6736D2B94867A0070ED15 /* Protocols */,
			);
			path = RouteManager;
			sourceTree = "<group>";
		};
		8DB6736D2B94867A0070ED15 /* Protocols */ = {
			isa = PBXGroup;
			children = (
				8DB6736A2B94854A0070ED15 /* ApiServicesConfigProtocol.swift */,
				8DB673762B948C510070ED15 /* RouteManagerProtocol.swift */,
			);
			path = Protocols;
			sourceTree = "<group>";
		};
		8DB673702B948B440070ED15 /* Frameworks */ = {
			isa = PBXGroup;
			children = (
			);
			name = Frameworks;
			sourceTree = "<group>";
		};
		8DB673732B948B680070ED15 /* Resolver */ = {
			isa = PBXGroup;
			children = (
				8DB673742B948BBF0070ED15 /* Resolver+registerAllServices.swift */,
			);
			path = Resolver;
			sourceTree = "<group>";
		};
		8DB673782B948CAC0070ED15 /* Enums */ = {
			isa = PBXGroup;
			children = (
				8DB673792B949BF70070ED15 /* Endpoint.swift */,
			);
			path = Enums;
			sourceTree = "<group>";
		};
		8DB6737B2B949E180070ED15 /* Services */ = {
			isa = PBXGroup;
			children = (
				8DB6737F2B949F360070ED15 /* RouteManagerTests.swift */,
			);
			path = Services;
			sourceTree = "<group>";
		};
		8DB6737C2B949E340070ED15 /* Mocks */ = {
			isa = PBXGroup;
			children = (
				8DB6737D2B949E470070ED15 /* MockRouteManager.swift */,
			);
			path = Mocks;
			sourceTree = "<group>";
		};
		8DB673812B94A7900070ED15 /* Models */ = {
			isa = PBXGroup;
			children = (
				8DB673842B94AF730070ED15 /* NetworkError.swift */,
				8DB673862B94B5180070ED15 /* CurrenciesResponse.swift */,
				8DB673A12B94C3DE0070ED15 /* ExchangeResponse.swift */,
			);
			path = Models;
			sourceTree = "<group>";
		};
		8DB6738B2B94B65C0070ED15 /* CurrenciesService */ = {
			isa = PBXGroup;
			children = (
				8DB6739E2B94C1340070ED15 /* Protocols */,
				8DB673902B94B84B0070ED15 /* CurrenciesService.swift */,
				8DB673992B94BB390070ED15 /* CurrenciesDataProcess.swift */,
			);
			path = CurrenciesService;
			sourceTree = "<group>";
		};
		8DB673922B94BA480070ED15 /* Decoder */ = {
			isa = PBXGroup;
			children = (
				8DB673932B94BA590070ED15 /* DecoderProtocol.swift */,
				8DB673952B94BA790070ED15 /* Decoder.swift */,
			);
			path = Decoder;
			sourceTree = "<group>";
		};
		8DB6739E2B94C1340070ED15 /* Protocols */ = {
			isa = PBXGroup;
			children = (
				8DB6738C2B94B66F0070ED15 /* CurrenciesServiceProtocol.swift */,
				8DB673972B94BAD70070ED15 /* CurrenciesDataProcessProtocol.swift */,
			);
			path = Protocols;
			sourceTree = "<group>";
		};
		8DB6739F2B94C1C10070ED15 /* ExchangeService */ = {
			isa = PBXGroup;
			children = (
				8DB673A02B94C1D10070ED15 /* Protocols */,
				8DB673A72B94C5240070ED15 /* ExchangeDataProcess.swift */,
				8DB673A92B94C5B30070ED15 /* ExchangeService.swift */,
			);
			path = ExchangeService;
			sourceTree = "<group>";
		};
		8DB673A02B94C1D10070ED15 /* Protocols */ = {
			isa = PBXGroup;
			children = (
				8DB673A32B94C4160070ED15 /* ExchangeServiceProtocol.swift */,
				8DB673A52B94C4D30070ED15 /* ExchangeDataProcessProtocol.swift */,
			);
			path = Protocols;
			sourceTree = "<group>";
		};
		8DCD9A4C2B93D263002810ED /* Models */ = {
			isa = PBXGroup;
			children = (
				8DCD9A512B93D2E6002810ED /* NavigationRoute.swift */,
			);
			path = Models;
			sourceTree = "<group>";
		};
		8DCD9A4D2B93D269002810ED /* ViewModels */ = {
			isa = PBXGroup;
			children = (
				8DCD9A532B93D3F9002810ED /* NavigatorViewModelProtocol.swift */,
				8DCD9A562B93D598002810ED /* NavigatorViewModel.swift */,
			);
			path = ViewModels;
			sourceTree = "<group>";
		};
		8DCD9A4E2B93D274002810ED /* Views */ = {
			isa = PBXGroup;
			children = (
				8DCD9A582B93D805002810ED /* ExchangeScreen.swift */,
				8DCD9A5A2B93D834002810ED /* HistoryScreen.swift */,
			);
			path = Views;
			sourceTree = "<group>";
		};
		8DCD9A5C2B93DA9E002810ED /* Navigation */ = {
			isa = PBXGroup;
			children = (
				8DCD9A5D2B93DADE002810ED /* NavigatorViewModelTests.swift */,
			);
			path = Navigation;
			sourceTree = "<group>";
		};
/* End PBXGroup section */

/* Begin PBXNativeTarget section */
		8D370A992B93441A006D350A /* CurrencyApp */ = {
			isa = PBXNativeTarget;
			buildConfigurationList = 8D370AC02B93441B006D350A /* Build configuration list for PBXNativeTarget "CurrencyApp" */;
			buildPhases = (
				8D370A962B93441A006D350A /* Sources */,
				8D370A972B93441A006D350A /* Frameworks */,
				8D370A982B93441A006D350A /* Resources */,
			);
			buildRules = (
			);
			dependencies = (
				8D370ACE2B9352BA006D350A /* PBXTargetDependency */,
			);
			name = CurrencyApp;
			packageProductDependencies = (
				8DB673712B948B440070ED15 /* Resolver */,
			);
			productName = CurrencyApp;
			productReference = 8D370A9A2B93441A006D350A /* CurrencyApp.app */;
			productType = "com.apple.product-type.application";
		};
		8D370AAB2B93441B006D350A /* CurrencyAppTests */ = {
			isa = PBXNativeTarget;
			buildConfigurationList = 8D370AC32B93441B006D350A /* Build configuration list for PBXNativeTarget "CurrencyAppTests" */;
			buildPhases = (
				8D370AA82B93441B006D350A /* Sources */,
				8D370AA92B93441B006D350A /* Frameworks */,
				8D370AAA2B93441B006D350A /* Resources */,
			);
			buildRules = (
			);
			dependencies = (
				8D370AAE2B93441B006D350A /* PBXTargetDependency */,
			);
			name = CurrencyAppTests;
			productName = CurrencyAppTests;
			productReference = 8D370AAC2B93441B006D350A /* CurrencyAppTests.xctest */;
			productType = "com.apple.product-type.bundle.unit-test";
		};
		8D370AB52B93441B006D350A /* CurrencyAppUITests */ = {
			isa = PBXNativeTarget;
			buildConfigurationList = 8D370AC62B93441B006D350A /* Build configuration list for PBXNativeTarget "CurrencyAppUITests" */;
			buildPhases = (
				8D370AB22B93441B006D350A /* Sources */,
				8D370AB32B93441B006D350A /* Frameworks */,
				8D370AB42B93441B006D350A /* Resources */,
			);
			buildRules = (
			);
			dependencies = (
				8D370AB82B93441B006D350A /* PBXTargetDependency */,
			);
			name = CurrencyAppUITests;
			productName = CurrencyAppUITests;
			productReference = 8D370AB62B93441B006D350A /* CurrencyAppUITests.xctest */;
			productType = "com.apple.product-type.bundle.ui-testing";
		};
/* End PBXNativeTarget section */

/* Begin PBXProject section */
		8D370A922B93441A006D350A /* Project object */ = {
			isa = PBXProject;
			attributes = {
				BuildIndependentTargetsInParallel = 1;
				LastSwiftUpdateCheck = 1520;
				LastUpgradeCheck = 1520;
				TargetAttributes = {
					8D370A992B93441A006D350A = {
						CreatedOnToolsVersion = 15.2;
					};
					8D370AAB2B93441B006D350A = {
						CreatedOnToolsVersion = 15.2;
						LastSwiftMigration = 1520;
						TestTargetID = 8D370A992B93441A006D350A;
					};
					8D370AB52B93441B006D350A = {
						CreatedOnToolsVersion = 15.2;
						TestTargetID = 8D370A992B93441A006D350A;
					};
				};
			};
			buildConfigurationList = 8D370A952B93441A006D350A /* Build configuration list for PBXProject "CurrencyApp" */;
			compatibilityVersion = "Xcode 14.0";
			developmentRegion = en;
			hasScannedForEncodings = 0;
			knownRegions = (
				en,
				Base,
				de,
			);
			mainGroup = 8D370A912B93441A006D350A;
			packageReferences = (
				8D370ACB2B935266006D350A /* XCRemoteSwiftPackageReference "SwiftLint" */,
				8D370AD02B935415006D350A /* XCRemoteSwiftPackageReference "Resolver" */,
			);
			productRefGroup = 8D370A9B2B93441A006D350A /* Products */;
			projectDirPath = "";
			projectRoot = "";
			targets = (
				8D370A992B93441A006D350A /* CurrencyApp */,
				8D370AAB2B93441B006D350A /* CurrencyAppTests */,
				8D370AB52B93441B006D350A /* CurrencyAppUITests */,
			);
		};
/* End PBXProject section */

/* Begin PBXResourcesBuildPhase section */
		8D370A982B93441A006D350A /* Resources */ = {
			isa = PBXResourcesBuildPhase;
			buildActionMask = 2147483647;
			files = (
				8D370ADD2B939175006D350A /* Colors.xcassets in Resources */,
				8D370AA72B93441B006D350A /* Preview Assets.xcassets in Resources */,
				8DCD9A4B2B93BDDA002810ED /* Localizable.xcstrings in Resources */,
				8D370AA42B93441B006D350A /* Assets.xcassets in Resources */,
			);
			runOnlyForDeploymentPostprocessing = 0;
		};
		8D370AAA2B93441B006D350A /* Resources */ = {
			isa = PBXResourcesBuildPhase;
			buildActionMask = 2147483647;
			files = (
			);
			runOnlyForDeploymentPostprocessing = 0;
		};
		8D370AB42B93441B006D350A /* Resources */ = {
			isa = PBXResourcesBuildPhase;
			buildActionMask = 2147483647;
			files = (
			);
			runOnlyForDeploymentPostprocessing = 0;
		};
/* End PBXResourcesBuildPhase section */

/* Begin PBXSourcesBuildPhase section */
		8D370A962B93441A006D350A /* Sources */ = {
			isa = PBXSourcesBuildPhase;
			buildActionMask = 2147483647;
			files = (
				8D370B0F2B93B3F4006D350A /* FlatListMocks.swift in Sources */,
				8D370AEC2B9397B3006D350A /* VStack+spacing.swift in Sources */,
				8DB6737E2B949E470070ED15 /* MockRouteManager.swift in Sources */,
				8DCD9A502B93D293002810ED /* Navigator.swift in Sources */,
				8DCD9A612B93EBE7002810ED /* ApiConfiguration.swift in Sources */,
				8DB6737A2B949BF70070ED15 /* Endpoint.swift in Sources */,
				8D370ADF2B9394EC006D350A /* CornerVariant.swift in Sources */,
				8DCD9A592B93D805002810ED /* ExchangeScreen.swift in Sources */,
				8DB6736F2B9486900070ED15 /* RouteManager.swift in Sources */,
				8DB673852B94AF730070ED15 /* NetworkError.swift in Sources */,
				8DB673772B948C510070ED15 /* RouteManagerProtocol.swift in Sources */,
				8DB673942B94BA590070ED15 /* DecoderProtocol.swift in Sources */,
				8D370AE72B9396F8006D350A /* View+padding.swift in Sources */,
				8DB673832B94AA230070ED15 /* NetworkService.swift in Sources */,
				8D370AA02B93441B006D350A /* ContentView.swift in Sources */,
				8DB6736B2B94854A0070ED15 /* ApiServicesConfigProtocol.swift in Sources */,
				8DB673AA2B94C5B30070ED15 /* ExchangeService.swift in Sources */,
				8DCD9A542B93D3F9002810ED /* NavigatorViewModelProtocol.swift in Sources */,
				8DB673A62B94C4D30070ED15 /* ExchangeDataProcessProtocol.swift in Sources */,
				8DB673912B94B84B0070ED15 /* CurrenciesService.swift in Sources */,
				8D370AE12B93956F006D350A /* FontVariant.swift in Sources */,
				8DB673872B94B5180070ED15 /* CurrenciesResponse.swift in Sources */,
				8DB673752B948BBF0070ED15 /* Resolver+registerAllServices.swift in Sources */,
				8D370B032B93A102006D350A /* AnimatedButtonViewModel.swift in Sources */,
				8D370AE32B93963A006D350A /* PaddingValue.swift in Sources */,
				8D370B0C2B93AB6A006D350A /* EmptyView.swift in Sources */,
				8DB6738F2B94B7760070ED15 /* Currency.swift in Sources */,
				8D370AA22B93441B006D350A /* Item.swift in Sources */,
				8D370A9E2B93441A006D350A /* CurrencyAppApp.swift in Sources */,
				8DB6738A2B94B5960070ED15 /* NetworkServiceProtocol.swift in Sources */,
				8DB6738D2B94B66F0070ED15 /* CurrenciesServiceProtocol.swift in Sources */,
				8D370AE92B939734006D350A /* View+fill.swift in Sources */,
				8D370B062B93A734006D350A /* ErrorView.swift in Sources */,
				8DCD9A5B2B93D834002810ED /* HistoryScreen.swift in Sources */,
				8D370AFA2B939D6A006D350A /* Typography.swift in Sources */,
				8DB673A22B94C3DE0070ED15 /* ExchangeResponse.swift in Sources */,
				8DCD9A572B93D598002810ED /* NavigatorViewModel.swift in Sources */,
				8D370B092B93AB2D006D350A /* FlatList.swift in Sources */,
				8D370AFD2B939F98006D350A /* AnimatedButton.swift in Sources */,
				8DB673A82B94C5240070ED15 /* ExchangeDataProcess.swift in Sources */,
				8D370AEF2B93982A006D350A /* Text+build.swift in Sources */,
				8DB673A42B94C4160070ED15 /* ExchangeServiceProtocol.swift in Sources */,
				8D370B012B93A02B006D350A /* AnimatedButtonViewModelProtocol.swift in Sources */,
				8DB6739A2B94BB390070ED15 /* CurrenciesDataProcess.swift in Sources */,
				8DB673982B94BAD70070ED15 /* CurrenciesDataProcessProtocol.swift in Sources */,
				8DB673962B94BA790070ED15 /* Decoder.swift in Sources */,
				8DCD9A522B93D2E6002810ED /* NavigationRoute.swift in Sources */,
			);
			runOnlyForDeploymentPostprocessing = 0;
		};
		8D370AA82B93441B006D350A /* Sources */ = {
			isa = PBXSourcesBuildPhase;
			buildActionMask = 2147483647;
			files = (
				8D370AF22B939952006D350A /* FontTests.swift in Sources */,
				8DB673802B949F360070ED15 /* RouteManagerTests.swift in Sources */,
				8D370AF42B939B8C006D350A /* PaddingTests.swift in Sources */,
				8DCD9A5E2B93DADE002810ED /* NavigatorViewModelTests.swift in Sources */,
				8D370AF62B939C47006D350A /* CornerTests.swift in Sources */,
			);
			runOnlyForDeploymentPostprocessing = 0;
		};
		8D370AB22B93441B006D350A /* Sources */ = {
			isa = PBXSourcesBuildPhase;
			buildActionMask = 2147483647;
			files = (
				8D370ABB2B93441B006D350A /* CurrencyAppUITests.swift in Sources */,
				8D370ABD2B93441B006D350A /* CurrencyAppUITestsLaunchTests.swift in Sources */,
			);
			runOnlyForDeploymentPostprocessing = 0;
		};
/* End PBXSourcesBuildPhase section */

/* Begin PBXTargetDependency section */
		8D370AAE2B93441B006D350A /* PBXTargetDependency */ = {
			isa = PBXTargetDependency;
			target = 8D370A992B93441A006D350A /* CurrencyApp */;
			targetProxy = 8D370AAD2B93441B006D350A /* PBXContainerItemProxy */;
		};
		8D370AB82B93441B006D350A /* PBXTargetDependency */ = {
			isa = PBXTargetDependency;
			target = 8D370A992B93441A006D350A /* CurrencyApp */;
			targetProxy = 8D370AB72B93441B006D350A /* PBXContainerItemProxy */;
		};
		8D370ACE2B9352BA006D350A /* PBXTargetDependency */ = {
			isa = PBXTargetDependency;
			productRef = 8D370ACD2B9352BA006D350A /* SwiftLintPlugin */;
		};
/* End PBXTargetDependency section */

/* Begin XCBuildConfiguration section */
		8D370ABE2B93441B006D350A /* Debug */ = {
			isa = XCBuildConfiguration;
			buildSettings = {
				ALWAYS_SEARCH_USER_PATHS = NO;
				ASSETCATALOG_COMPILER_GENERATE_SWIFT_ASSET_SYMBOL_EXTENSIONS = YES;
				CLANG_ANALYZER_NONNULL = YES;
				CLANG_ANALYZER_NUMBER_OBJECT_CONVERSION = YES_AGGRESSIVE;
				CLANG_CXX_LANGUAGE_STANDARD = "gnu++20";
				CLANG_ENABLE_MODULES = YES;
				CLANG_ENABLE_OBJC_ARC = YES;
				CLANG_ENABLE_OBJC_WEAK = YES;
				CLANG_WARN_BLOCK_CAPTURE_AUTORELEASING = YES;
				CLANG_WARN_BOOL_CONVERSION = YES;
				CLANG_WARN_COMMA = YES;
				CLANG_WARN_CONSTANT_CONVERSION = YES;
				CLANG_WARN_DEPRECATED_OBJC_IMPLEMENTATIONS = YES;
				CLANG_WARN_DIRECT_OBJC_ISA_USAGE = YES_ERROR;
				CLANG_WARN_DOCUMENTATION_COMMENTS = YES;
				CLANG_WARN_EMPTY_BODY = YES;
				CLANG_WARN_ENUM_CONVERSION = YES;
				CLANG_WARN_INFINITE_RECURSION = YES;
				CLANG_WARN_INT_CONVERSION = YES;
				CLANG_WARN_NON_LITERAL_NULL_CONVERSION = YES;
				CLANG_WARN_OBJC_IMPLICIT_RETAIN_SELF = YES;
				CLANG_WARN_OBJC_LITERAL_CONVERSION = YES;
				CLANG_WARN_OBJC_ROOT_CLASS = YES_ERROR;
				CLANG_WARN_QUOTED_INCLUDE_IN_FRAMEWORK_HEADER = YES;
				CLANG_WARN_RANGE_LOOP_ANALYSIS = YES;
				CLANG_WARN_STRICT_PROTOTYPES = YES;
				CLANG_WARN_SUSPICIOUS_MOVE = YES;
				CLANG_WARN_UNGUARDED_AVAILABILITY = YES_AGGRESSIVE;
				CLANG_WARN_UNREACHABLE_CODE = YES;
				CLANG_WARN__DUPLICATE_METHOD_MATCH = YES;
				COPY_PHASE_STRIP = NO;
				DEBUG_INFORMATION_FORMAT = dwarf;
				ENABLE_STRICT_OBJC_MSGSEND = YES;
				ENABLE_TESTABILITY = YES;
				ENABLE_USER_SCRIPT_SANDBOXING = YES;
				GCC_C_LANGUAGE_STANDARD = gnu17;
				GCC_DYNAMIC_NO_PIC = NO;
				GCC_NO_COMMON_BLOCKS = YES;
				GCC_OPTIMIZATION_LEVEL = 0;
				GCC_PREPROCESSOR_DEFINITIONS = (
					"DEBUG=1",
					"$(inherited)",
				);
				GCC_WARN_64_TO_32_BIT_CONVERSION = YES;
				GCC_WARN_ABOUT_RETURN_TYPE = YES_ERROR;
				GCC_WARN_UNDECLARED_SELECTOR = YES;
				GCC_WARN_UNINITIALIZED_AUTOS = YES_AGGRESSIVE;
				GCC_WARN_UNUSED_FUNCTION = YES;
				GCC_WARN_UNUSED_VARIABLE = YES;
				IPHONEOS_DEPLOYMENT_TARGET = 17.2;
				LOCALIZATION_PREFERS_STRING_CATALOGS = YES;
				MTL_ENABLE_DEBUG_INFO = INCLUDE_SOURCE;
				MTL_FAST_MATH = YES;
				ONLY_ACTIVE_ARCH = YES;
				SDKROOT = iphoneos;
				SWIFT_ACTIVE_COMPILATION_CONDITIONS = "DEBUG $(inherited)";
				SWIFT_OPTIMIZATION_LEVEL = "-Onone";
			};
			name = Debug;
		};
		8D370ABF2B93441B006D350A /* Release */ = {
			isa = XCBuildConfiguration;
			buildSettings = {
				ALWAYS_SEARCH_USER_PATHS = NO;
				ASSETCATALOG_COMPILER_GENERATE_SWIFT_ASSET_SYMBOL_EXTENSIONS = YES;
				CLANG_ANALYZER_NONNULL = YES;
				CLANG_ANALYZER_NUMBER_OBJECT_CONVERSION = YES_AGGRESSIVE;
				CLANG_CXX_LANGUAGE_STANDARD = "gnu++20";
				CLANG_ENABLE_MODULES = YES;
				CLANG_ENABLE_OBJC_ARC = YES;
				CLANG_ENABLE_OBJC_WEAK = YES;
				CLANG_WARN_BLOCK_CAPTURE_AUTORELEASING = YES;
				CLANG_WARN_BOOL_CONVERSION = YES;
				CLANG_WARN_COMMA = YES;
				CLANG_WARN_CONSTANT_CONVERSION = YES;
				CLANG_WARN_DEPRECATED_OBJC_IMPLEMENTATIONS = YES;
				CLANG_WARN_DIRECT_OBJC_ISA_USAGE = YES_ERROR;
				CLANG_WARN_DOCUMENTATION_COMMENTS = YES;
				CLANG_WARN_EMPTY_BODY = YES;
				CLANG_WARN_ENUM_CONVERSION = YES;
				CLANG_WARN_INFINITE_RECURSION = YES;
				CLANG_WARN_INT_CONVERSION = YES;
				CLANG_WARN_NON_LITERAL_NULL_CONVERSION = YES;
				CLANG_WARN_OBJC_IMPLICIT_RETAIN_SELF = YES;
				CLANG_WARN_OBJC_LITERAL_CONVERSION = YES;
				CLANG_WARN_OBJC_ROOT_CLASS = YES_ERROR;
				CLANG_WARN_QUOTED_INCLUDE_IN_FRAMEWORK_HEADER = YES;
				CLANG_WARN_RANGE_LOOP_ANALYSIS = YES;
				CLANG_WARN_STRICT_PROTOTYPES = YES;
				CLANG_WARN_SUSPICIOUS_MOVE = YES;
				CLANG_WARN_UNGUARDED_AVAILABILITY = YES_AGGRESSIVE;
				CLANG_WARN_UNREACHABLE_CODE = YES;
				CLANG_WARN__DUPLICATE_METHOD_MATCH = YES;
				COPY_PHASE_STRIP = NO;
				DEBUG_INFORMATION_FORMAT = "dwarf-with-dsym";
				ENABLE_NS_ASSERTIONS = NO;
				ENABLE_STRICT_OBJC_MSGSEND = YES;
				ENABLE_USER_SCRIPT_SANDBOXING = YES;
				GCC_C_LANGUAGE_STANDARD = gnu17;
				GCC_NO_COMMON_BLOCKS = YES;
				GCC_WARN_64_TO_32_BIT_CONVERSION = YES;
				GCC_WARN_ABOUT_RETURN_TYPE = YES_ERROR;
				GCC_WARN_UNDECLARED_SELECTOR = YES;
				GCC_WARN_UNINITIALIZED_AUTOS = YES_AGGRESSIVE;
				GCC_WARN_UNUSED_FUNCTION = YES;
				GCC_WARN_UNUSED_VARIABLE = YES;
				IPHONEOS_DEPLOYMENT_TARGET = 17.2;
				LOCALIZATION_PREFERS_STRING_CATALOGS = YES;
				MTL_ENABLE_DEBUG_INFO = NO;
				MTL_FAST_MATH = YES;
				SDKROOT = iphoneos;
				SWIFT_COMPILATION_MODE = wholemodule;
				VALIDATE_PRODUCT = YES;
			};
			name = Release;
		};
		8D370AC12B93441B006D350A /* Debug */ = {
			isa = XCBuildConfiguration;
			buildSettings = {
				API_KEY = fca_live_4LuU3I3wCTk8DhwbQJAVRceISqONM2mNs5kLgvCy;
				ASSETCATALOG_COMPILER_APPICON_NAME = AppIcon;
				ASSETCATALOG_COMPILER_GLOBAL_ACCENT_COLOR_NAME = AccentColor;
				BASE_API_URL = "https://api.freecurrencyapi.com/v1";
				CODE_SIGN_STYLE = Automatic;
				CURRENT_PROJECT_VERSION = 1;
				DEVELOPMENT_ASSET_PATHS = "\"CurrencyApp/Resources/Preview Content\"";
				ENABLE_PREVIEWS = YES;
				GENERATE_INFOPLIST_FILE = YES;
				INFOPLIST_FILE = CurrencyApp/Application/Info.plist;
				INFOPLIST_KEY_LSApplicationCategoryType = "";
				INFOPLIST_KEY_UIApplicationSceneManifest_Generation = YES;
				INFOPLIST_KEY_UIApplicationSupportsIndirectInputEvents = YES;
				INFOPLIST_KEY_UILaunchScreen_Generation = YES;
				INFOPLIST_KEY_UISupportedInterfaceOrientations_iPad = "UIInterfaceOrientationPortrait UIInterfaceOrientationPortraitUpsideDown UIInterfaceOrientationLandscapeLeft UIInterfaceOrientationLandscapeRight";
				INFOPLIST_KEY_UISupportedInterfaceOrientations_iPhone = "UIInterfaceOrientationPortrait UIInterfaceOrientationLandscapeLeft UIInterfaceOrientationLandscapeRight";
				LD_RUNPATH_SEARCH_PATHS = (
					"$(inherited)",
					"@executable_path/Frameworks",
				);
				MARKETING_VERSION = 1.0;
				PRODUCT_BUNDLE_IDENTIFIER = AlexeyTutsoev.CurrencyApp;
				PRODUCT_NAME = "$(TARGET_NAME)";
				SWIFT_EMIT_LOC_STRINGS = YES;
				SWIFT_VERSION = 5.0;
				TARGETED_DEVICE_FAMILY = "1,2";
			};
			name = Debug;
		};
		8D370AC22B93441B006D350A /* Release */ = {
			isa = XCBuildConfiguration;
			buildSettings = {
				API_KEY = fca_live_4LuU3I3wCTk8DhwbQJAVRceISqONM2mNs5kLgvCy;
				ASSETCATALOG_COMPILER_APPICON_NAME = AppIcon;
				ASSETCATALOG_COMPILER_GLOBAL_ACCENT_COLOR_NAME = AccentColor;
				BASE_API_URL = "https://api.freecurrencyapi.com/v1";
				CODE_SIGN_STYLE = Automatic;
				CURRENT_PROJECT_VERSION = 1;
				DEVELOPMENT_ASSET_PATHS = "\"CurrencyApp/Resources/Preview Content\"";
				ENABLE_PREVIEWS = YES;
				GENERATE_INFOPLIST_FILE = YES;
				INFOPLIST_FILE = CurrencyApp/Application/Info.plist;
				INFOPLIST_KEY_LSApplicationCategoryType = "";
				INFOPLIST_KEY_UIApplicationSceneManifest_Generation = YES;
				INFOPLIST_KEY_UIApplicationSupportsIndirectInputEvents = YES;
				INFOPLIST_KEY_UILaunchScreen_Generation = YES;
				INFOPLIST_KEY_UISupportedInterfaceOrientations_iPad = "UIInterfaceOrientationPortrait UIInterfaceOrientationPortraitUpsideDown UIInterfaceOrientationLandscapeLeft UIInterfaceOrientationLandscapeRight";
				INFOPLIST_KEY_UISupportedInterfaceOrientations_iPhone = "UIInterfaceOrientationPortrait UIInterfaceOrientationLandscapeLeft UIInterfaceOrientationLandscapeRight";
				LD_RUNPATH_SEARCH_PATHS = (
					"$(inherited)",
					"@executable_path/Frameworks",
				);
				MARKETING_VERSION = 1.0;
				PRODUCT_BUNDLE_IDENTIFIER = AlexeyTutsoev.CurrencyApp;
				PRODUCT_NAME = "$(TARGET_NAME)";
				SWIFT_EMIT_LOC_STRINGS = YES;
				SWIFT_VERSION = 5.0;
				TARGETED_DEVICE_FAMILY = "1,2";
			};
			name = Release;
		};
		8D370AC42B93441B006D350A /* Debug */ = {
			isa = XCBuildConfiguration;
			buildSettings = {
				ALWAYS_EMBED_SWIFT_STANDARD_LIBRARIES = YES;
				BUNDLE_LOADER = "$(TEST_HOST)";
				CLANG_ENABLE_MODULES = YES;
				CODE_SIGN_STYLE = Automatic;
				CURRENT_PROJECT_VERSION = 1;
				GENERATE_INFOPLIST_FILE = YES;
				IPHONEOS_DEPLOYMENT_TARGET = 17.2;
				MARKETING_VERSION = 1.0;
				PRODUCT_BUNDLE_IDENTIFIER = AlexeyTutsoev.CurrencyAppTests;
				PRODUCT_NAME = "$(TARGET_NAME)";
				SWIFT_EMIT_LOC_STRINGS = NO;
				SWIFT_OPTIMIZATION_LEVEL = "-Onone";
				SWIFT_VERSION = 5.0;
				TARGETED_DEVICE_FAMILY = "1,2";
				TEST_HOST = "$(BUILT_PRODUCTS_DIR)/CurrencyApp.app/$(BUNDLE_EXECUTABLE_FOLDER_PATH)/CurrencyApp";
			};
			name = Debug;
		};
		8D370AC52B93441B006D350A /* Release */ = {
			isa = XCBuildConfiguration;
			buildSettings = {
				ALWAYS_EMBED_SWIFT_STANDARD_LIBRARIES = YES;
				BUNDLE_LOADER = "$(TEST_HOST)";
				CLANG_ENABLE_MODULES = YES;
				CODE_SIGN_STYLE = Automatic;
				CURRENT_PROJECT_VERSION = 1;
				GENERATE_INFOPLIST_FILE = YES;
				IPHONEOS_DEPLOYMENT_TARGET = 17.2;
				MARKETING_VERSION = 1.0;
				PRODUCT_BUNDLE_IDENTIFIER = AlexeyTutsoev.CurrencyAppTests;
				PRODUCT_NAME = "$(TARGET_NAME)";
				SWIFT_EMIT_LOC_STRINGS = NO;
				SWIFT_VERSION = 5.0;
				TARGETED_DEVICE_FAMILY = "1,2";
				TEST_HOST = "$(BUILT_PRODUCTS_DIR)/CurrencyApp.app/$(BUNDLE_EXECUTABLE_FOLDER_PATH)/CurrencyApp";
			};
			name = Release;
		};
		8D370AC72B93441B006D350A /* Debug */ = {
			isa = XCBuildConfiguration;
			buildSettings = {
				ALWAYS_EMBED_SWIFT_STANDARD_LIBRARIES = YES;
				CODE_SIGN_STYLE = Automatic;
				CURRENT_PROJECT_VERSION = 1;
				GENERATE_INFOPLIST_FILE = YES;
				MARKETING_VERSION = 1.0;
				PRODUCT_BUNDLE_IDENTIFIER = AlexeyTutsoev.CurrencyAppUITests;
				PRODUCT_NAME = "$(TARGET_NAME)";
				SWIFT_EMIT_LOC_STRINGS = NO;
				SWIFT_VERSION = 5.0;
				TARGETED_DEVICE_FAMILY = "1,2";
				TEST_TARGET_NAME = CurrencyApp;
			};
			name = Debug;
		};
		8D370AC82B93441B006D350A /* Release */ = {
			isa = XCBuildConfiguration;
			buildSettings = {
				ALWAYS_EMBED_SWIFT_STANDARD_LIBRARIES = YES;
				CODE_SIGN_STYLE = Automatic;
				CURRENT_PROJECT_VERSION = 1;
				GENERATE_INFOPLIST_FILE = YES;
				MARKETING_VERSION = 1.0;
				PRODUCT_BUNDLE_IDENTIFIER = AlexeyTutsoev.CurrencyAppUITests;
				PRODUCT_NAME = "$(TARGET_NAME)";
				SWIFT_EMIT_LOC_STRINGS = NO;
				SWIFT_VERSION = 5.0;
				TARGETED_DEVICE_FAMILY = "1,2";
				TEST_TARGET_NAME = CurrencyApp;
			};
			name = Release;
		};
/* End XCBuildConfiguration section */

/* Begin XCConfigurationList section */
		8D370A952B93441A006D350A /* Build configuration list for PBXProject "CurrencyApp" */ = {
			isa = XCConfigurationList;
			buildConfigurations = (
				8D370ABE2B93441B006D350A /* Debug */,
				8D370ABF2B93441B006D350A /* Release */,
			);
			defaultConfigurationIsVisible = 0;
			defaultConfigurationName = Release;
		};
		8D370AC02B93441B006D350A /* Build configuration list for PBXNativeTarget "CurrencyApp" */ = {
			isa = XCConfigurationList;
			buildConfigurations = (
				8D370AC12B93441B006D350A /* Debug */,
				8D370AC22B93441B006D350A /* Release */,
			);
			defaultConfigurationIsVisible = 0;
			defaultConfigurationName = Release;
		};
		8D370AC32B93441B006D350A /* Build configuration list for PBXNativeTarget "CurrencyAppTests" */ = {
			isa = XCConfigurationList;
			buildConfigurations = (
				8D370AC42B93441B006D350A /* Debug */,
				8D370AC52B93441B006D350A /* Release */,
			);
			defaultConfigurationIsVisible = 0;
			defaultConfigurationName = Release;
		};
		8D370AC62B93441B006D350A /* Build configuration list for PBXNativeTarget "CurrencyAppUITests" */ = {
			isa = XCConfigurationList;
			buildConfigurations = (
				8D370AC72B93441B006D350A /* Debug */,
				8D370AC82B93441B006D350A /* Release */,
			);
			defaultConfigurationIsVisible = 0;
			defaultConfigurationName = Release;
		};
/* End XCConfigurationList section */

/* Begin XCRemoteSwiftPackageReference section */
		8D370ACB2B935266006D350A /* XCRemoteSwiftPackageReference "SwiftLint" */ = {
			isa = XCRemoteSwiftPackageReference;
			repositoryURL = "https://github.com/realm/SwiftLint.git";
			requirement = {
				kind = upToNextMajorVersion;
				minimumVersion = 0.54.0;
			};
		};
		8D370AD02B935415006D350A /* XCRemoteSwiftPackageReference "Resolver" */ = {
			isa = XCRemoteSwiftPackageReference;
			repositoryURL = "https://github.com/hmlongco/Resolver.git";
			requirement = {
				kind = upToNextMajorVersion;
				minimumVersion = 1.5.0;
			};
		};
/* End XCRemoteSwiftPackageReference section */

/* Begin XCSwiftPackageProductDependency section */
		8D370ACD2B9352BA006D350A /* SwiftLintPlugin */ = {
			isa = XCSwiftPackageProductDependency;
			package = 8D370ACB2B935266006D350A /* XCRemoteSwiftPackageReference "SwiftLint" */;
			productName = "plugin:SwiftLintPlugin";
		};
		8DB673712B948B440070ED15 /* Resolver */ = {
			isa = XCSwiftPackageProductDependency;
			package = 8D370AD02B935415006D350A /* XCRemoteSwiftPackageReference "Resolver" */;
			productName = Resolver;
		};
/* End XCSwiftPackageProductDependency section */
	};
	rootObject = 8D370A922B93441A006D350A /* Project object */;
}
